
Microsoft Visual Studio Solution File, Format Version 12.00
# Visual Studio Version 17
VisualStudioVersion = 17.14.36429.23 d17.14
MinimumVisualStudioVersion = 10.0.40219.1
Project("{FAE04EC0-301F-11D3-BF4B-00C04F79EFBC}") = "aspx_app", "aspx_app.csproj", "{FA817721-BF24-483D-87BC-FA76603737EC}"
EndProject
Global
	GlobalSection(SolutionConfigurationPlatforms) = preSolution
		Debug|Any CPU = Debug|Any CPU
		Release|Any CPU = Release|Any CPU
	EndGlobalSection
	GlobalSection(ProjectConfigurationPlatforms) = postSolution
		{FA817721-BF24-483D-87BC-FA76603737EC}.Debug|Any CPU.ActiveCfg = Debug|Any CPU
		{FA817721-BF24-483D-87BC-FA76603737EC}.Debug|Any CPU.Build.0 = Debug|Any CPU
		{FA817721-BF24-483D-87BC-FA76603737EC}.Release|Any CPU.ActiveCfg = Release|Any CPU
		{FA817721-BF24-483D-87BC-FA76603737EC}.Release|Any CPU.Build.0 = Release|Any CPU
	EndGlobalSection
	GlobalSection(SolutionProperties) = preSolution
		HideSolutionNode = FALSE
	EndGlobalSection
	GlobalSection(ExtensibilityGlobals) = postSolution
		SolutionGuid = {467D825C-42B3-4500-BAD5-8AE4386E0232}
	EndGlobalSection
EndGlobal
